// !$*UTF8*$!
{
	archiveVersion = 1;
	classes = {
	};
	objectVersion = 56;
	objects = {

/* Begin PBXBuildFile section */
		0BB629EC29BEAF6E001AD4E4 /* CookingRowView.swift in Sources */ = {isa = PBXBuildFile; fileRef = 0BB629EB29BEAF6E001AD4E4 /* CookingRowView.swift */; };
		0BB629EF29BF0642001AD4E4 /* CookingTypeView.swift in Sources */ = {isa = PBXBuildFile; fileRef = 0BB629EE29BF0642001AD4E4 /* CookingTypeView.swift */; };
		0BB629F129C0519C001AD4E4 /* CookingUserInfoView.swift in Sources */ = {isa = PBXBuildFile; fileRef = 0BB629F029C0519C001AD4E4 /* CookingUserInfoView.swift */; };
		0BB629F929C0AB6B001AD4E4 /* CookingRecordAlbumTests.swift in Sources */ = {isa = PBXBuildFile; fileRef = 0BB629F829C0AB6B001AD4E4 /* CookingRecordAlbumTests.swift */; };
		0BD6E7F229B9C550008C338D /* CookingRecordAlbumApp.swift in Sources */ = {isa = PBXBuildFile; fileRef = 0BD6E7F129B9C550008C338D /* CookingRecordAlbumApp.swift */; };
		0BD6E7F429B9C550008C338D /* ContentView.swift in Sources */ = {isa = PBXBuildFile; fileRef = 0BD6E7F329B9C550008C338D /* ContentView.swift */; };
		0BD6E7F629B9C552008C338D /* Assets.xcassets in Resources */ = {isa = PBXBuildFile; fileRef = 0BD6E7F529B9C552008C338D /* Assets.xcassets */; };
		0BD6E7F929B9C552008C338D /* Preview Assets.xcassets in Resources */ = {isa = PBXBuildFile; fileRef = 0BD6E7F829B9C552008C338D /* Preview Assets.xcassets */; };
		0BD6E80029B9DC9E008C338D /* CookingInfoViewModel.swift in Sources */ = {isa = PBXBuildFile; fileRef = 0BD6E7FF29B9DC9E008C338D /* CookingInfoViewModel.swift */; };
		0BD6E80229B9DD45008C338D /* CookingInfoModel.swift in Sources */ = {isa = PBXBuildFile; fileRef = 0BD6E80129B9DD45008C338D /* CookingInfoModel.swift */; };
/* End PBXBuildFile section */

/* Begin PBXContainerItemProxy section */
		0BB629FA29C0AB6B001AD4E4 /* PBXContainerItemProxy */ = {
			isa = PBXContainerItemProxy;
			containerPortal = 0BD6E7E629B9C54F008C338D /* Project object */;
			proxyType = 1;
			remoteGlobalIDString = 0BD6E7ED29B9C54F008C338D;
			remoteInfo = CookingRecordAlbum;
		};
/* End PBXContainerItemProxy section */

/* Begin PBXFileReference section */
		0BB629EB29BEAF6E001AD4E4 /* CookingRowView.swift */ = {isa = PBXFileReference; lastKnownFileType = sourcecode.swift; path = CookingRowView.swift; sourceTree = "<group>"; };
		0BB629EE29BF0642001AD4E4 /* CookingTypeView.swift */ = {isa = PBXFileReference; lastKnownFileType = sourcecode.swift; path = CookingTypeView.swift; sourceTree = "<group>"; };
		0BB629F029C0519C001AD4E4 /* CookingUserInfoView.swift */ = {isa = PBXFileReference; lastKnownFileType = sourcecode.swift; path = CookingUserInfoView.swift; sourceTree = "<group>"; };
		0BB629F629C0AB6A001AD4E4 /* CookingRecordAlbumTests.xctest */ = {isa = PBXFileReference; explicitFileType = wrapper.cfbundle; includeInIndex = 0; path = CookingRecordAlbumTests.xctest; sourceTree = BUILT_PRODUCTS_DIR; };
		0BB629F829C0AB6B001AD4E4 /* CookingRecordAlbumTests.swift */ = {isa = PBXFileReference; lastKnownFileType = sourcecode.swift; path = CookingRecordAlbumTests.swift; sourceTree = "<group>"; };
		0BD6E7EE29B9C550008C338D /* CookingRecordAlbum.app */ = {isa = PBXFileReference; explicitFileType = wrapper.application; includeInIndex = 0; path = CookingRecordAlbum.app; sourceTree = BUILT_PRODUCTS_DIR; };
		0BD6E7F129B9C550008C338D /* CookingRecordAlbumApp.swift */ = {isa = PBXFileReference; lastKnownFileType = sourcecode.swift; path = CookingRecordAlbumApp.swift; sourceTree = "<group>"; };
		0BD6E7F329B9C550008C338D /* ContentView.swift */ = {isa = PBXFileReference; lastKnownFileType = sourcecode.swift; path = ContentView.swift; sourceTree = "<group>"; };
		0BD6E7F529B9C552008C338D /* Assets.xcassets */ = {isa = PBXFileReference; lastKnownFileType = folder.assetcatalog; path = Assets.xcassets; sourceTree = "<group>"; };
		0BD6E7F829B9C552008C338D /* Preview Assets.xcassets */ = {isa = PBXFileReference; lastKnownFileType = folder.assetcatalog; path = "Preview Assets.xcassets"; sourceTree = "<group>"; };
		0BD6E7FF29B9DC9E008C338D /* CookingInfoViewModel.swift */ = {isa = PBXFileReference; lastKnownFileType = sourcecode.swift; path = CookingInfoViewModel.swift; sourceTree = "<group>"; };
		0BD6E80129B9DD45008C338D /* CookingInfoModel.swift */ = {isa = PBXFileReference; lastKnownFileType = sourcecode.swift; path = CookingInfoModel.swift; sourceTree = "<group>"; };
/* End PBXFileReference section */

/* Begin PBXFrameworksBuildPhase section */
		0BB629F329C0AB6A001AD4E4 /* Frameworks */ = {
			isa = PBXFrameworksBuildPhase;
			buildActionMask = 2147483647;
			files = (
			);
			runOnlyForDeploymentPostprocessing = 0;
		};
		0BD6E7EB29B9C54F008C338D /* Frameworks */ = {
			isa = PBXFrameworksBuildPhase;
			buildActionMask = 2147483647;
			files = (
			);
			runOnlyForDeploymentPostprocessing = 0;
		};
/* End PBXFrameworksBuildPhase section */

/* Begin PBXGroup section */
		0BB629E829BDD1FB001AD4E4 /* Model */ = {
			isa = PBXGroup;
			children = (
				0BD6E80129B9DD45008C338D /* CookingInfoModel.swift */,
			);
			path = Model;
			sourceTree = "<group>";
		};
		0BB629E929BDD217001AD4E4 /* ViewModel */ = {
			isa = PBXGroup;
			children = (
				0BD6E7FF29B9DC9E008C338D /* CookingInfoViewModel.swift */,
			);
			path = ViewModel;
			sourceTree = "<group>";
		};
		0BB629EA29BDD232001AD4E4 /* View */ = {
			isa = PBXGroup;
			children = (
				0BD6E7F329B9C550008C338D /* ContentView.swift */,
				0BB629EB29BEAF6E001AD4E4 /* CookingRowView.swift */,
				0BB629ED29BF05E0001AD4E4 /* CookingRowParts */,
			);
			path = View;
			sourceTree = "<group>";
		};
		0BB629ED29BF05E0001AD4E4 /* CookingRowParts */ = {
			isa = PBXGroup;
			children = (
				0BB629F029C0519C001AD4E4 /* CookingUserInfoView.swift */,
				0BB629EE29BF0642001AD4E4 /* CookingTypeView.swift */,
			);
			path = CookingRowParts;
			sourceTree = "<group>";
		};
		0BB629F729C0AB6B001AD4E4 /* CookingRecordAlbumTests */ = {
			isa = PBXGroup;
			children = (
				0BB629F829C0AB6B001AD4E4 /* CookingRecordAlbumTests.swift */,
			);
			path = CookingRecordAlbumTests;
			sourceTree = "<group>";
		};
		0BD6E7E529B9C54F008C338D = {
			isa = PBXGroup;
			children = (
				0BD6E7F029B9C550008C338D /* CookingRecordAlbum */,
				0BB629F729C0AB6B001AD4E4 /* CookingRecordAlbumTests */,
				0BD6E7EF29B9C550008C338D /* Products */,
			);
			sourceTree = "<group>";
		};
		0BD6E7EF29B9C550008C338D /* Products */ = {
			isa = PBXGroup;
			children = (
				0BD6E7EE29B9C550008C338D /* CookingRecordAlbum.app */,
				0BB629F629C0AB6A001AD4E4 /* CookingRecordAlbumTests.xctest */,
			);
			name = Products;
			sourceTree = "<group>";
		};
		0BD6E7F029B9C550008C338D /* CookingRecordAlbum */ = {
			isa = PBXGroup;
			children = (
				0BB629E829BDD1FB001AD4E4 /* Model */,
				0BB629E929BDD217001AD4E4 /* ViewModel */,
				0BB629EA29BDD232001AD4E4 /* View */,
				0BD6E7F129B9C550008C338D /* CookingRecordAlbumApp.swift */,
				0BD6E7F529B9C552008C338D /* Assets.xcassets */,
				0BD6E7F729B9C552008C338D /* Preview Content */,
			);
			path = CookingRecordAlbum;
			sourceTree = "<group>";
		};
		0BD6E7F729B9C552008C338D /* Preview Content */ = {
			isa = PBXGroup;
			children = (
				0BD6E7F829B9C552008C338D /* Preview Assets.xcassets */,
			);
			path = "Preview Content";
			sourceTree = "<group>";
		};
/* End PBXGroup section */

/* Begin PBXNativeTarget section */
		0BB629F529C0AB6A001AD4E4 /* CookingRecordAlbumTests */ = {
			isa = PBXNativeTarget;
			buildConfigurationList = 0BB629FC29C0AB6B001AD4E4 /* Build configuration list for PBXNativeTarget "CookingRecordAlbumTests" */;
			buildPhases = (
				0BB629F229C0AB6A001AD4E4 /* Sources */,
				0BB629F329C0AB6A001AD4E4 /* Frameworks */,
				0BB629F429C0AB6A001AD4E4 /* Resources */,
			);
			buildRules = (
			);
			dependencies = (
				0BB629FB29C0AB6B001AD4E4 /* PBXTargetDependency */,
			);
			name = CookingRecordAlbumTests;
			productName = CookingRecordAlbumTests;
			productReference = 0BB629F629C0AB6A001AD4E4 /* CookingRecordAlbumTests.xctest */;
			productType = "com.apple.product-type.bundle.unit-test";
		};
		0BD6E7ED29B9C54F008C338D /* CookingRecordAlbum */ = {
			isa = PBXNativeTarget;
			buildConfigurationList = 0BD6E7FC29B9C552008C338D /* Build configuration list for PBXNativeTarget "CookingRecordAlbum" */;
			buildPhases = (
				0BD6E7EA29B9C54F008C338D /* Sources */,
				0BD6E7EB29B9C54F008C338D /* Frameworks */,
				0BD6E7EC29B9C54F008C338D /* Resources */,
			);
			buildRules = (
			);
			dependencies = (
			);
			name = CookingRecordAlbum;
			productName = CookingRecordAlbum;
			productReference = 0BD6E7EE29B9C550008C338D /* CookingRecordAlbum.app */;
			productType = "com.apple.product-type.application";
		};
/* End PBXNativeTarget section */

/* Begin PBXProject section */
		0BD6E7E629B9C54F008C338D /* Project object */ = {
			isa = PBXProject;
			attributes = {
				BuildIndependentTargetsInParallel = 1;
				LastSwiftUpdateCheck = 1420;
				LastUpgradeCheck = 1420;
				TargetAttributes = {
					0BB629F529C0AB6A001AD4E4 = {
						CreatedOnToolsVersion = 14.2;
						TestTargetID = 0BD6E7ED29B9C54F008C338D;
					};
					0BD6E7ED29B9C54F008C338D = {
						CreatedOnToolsVersion = 14.2;
					};
				};
			};
			buildConfigurationList = 0BD6E7E929B9C54F008C338D /* Build configuration list for PBXProject "CookingRecordAlbum" */;
			compatibilityVersion = "Xcode 14.0";
			developmentRegion = en;
			hasScannedForEncodings = 0;
			knownRegions = (
				en,
				Base,
			);
			mainGroup = 0BD6E7E529B9C54F008C338D;
			productRefGroup = 0BD6E7EF29B9C550008C338D /* Products */;
			projectDirPath = "";
			projectRoot = "";
			targets = (
				0BD6E7ED29B9C54F008C338D /* CookingRecordAlbum */,
				0BB629F529C0AB6A001AD4E4 /* CookingRecordAlbumTests */,
			);
		};
/* End PBXProject section */

/* Begin PBXResourcesBuildPhase section */
		0BB629F429C0AB6A001AD4E4 /* Resources */ = {
			isa = PBXResourcesBuildPhase;
			buildActionMask = 2147483647;
			files = (
			);
			runOnlyForDeploymentPostprocessing = 0;
		};
		0BD6E7EC29B9C54F008C338D /* Resources */ = {
			isa = PBXResourcesBuildPhase;
			buildActionMask = 2147483647;
			files = (
				0BD6E7F929B9C552008C338D /* Preview Assets.xcassets in Resources */,
				0BD6E7F629B9C552008C338D /* Assets.xcassets in Resources */,
			);
			runOnlyForDeploymentPostprocessing = 0;
		};
/* End PBXResourcesBuildPhase section */

/* Begin PBXSourcesBuildPhase section */
		0BB629F229C0AB6A001AD4E4 /* Sources */ = {
			isa = PBXSourcesBuildPhase;
			buildActionMask = 2147483647;
			files = (
				0BB629F929C0AB6B001AD4E4 /* CookingRecordAlbumTests.swift in Sources */,
			);
			runOnlyForDeploymentPostprocessing = 0;
		};
		0BD6E7EA29B9C54F008C338D /* Sources */ = {
			isa = PBXSourcesBuildPhase;
			buildActionMask = 2147483647;
			files = (
				0BD6E80229B9DD45008C338D /* CookingInfoModel.swift in Sources */,
				0BD6E7F429B9C550008C338D /* ContentView.swift in Sources */,
				0BB629F129C0519C001AD4E4 /* CookingUserInfoView.swift in Sources */,
				0BB629EC29BEAF6E001AD4E4 /* CookingRowView.swift in Sources */,
				0BD6E7F229B9C550008C338D /* CookingRecordAlbumApp.swift in Sources */,
				0BD6E80029B9DC9E008C338D /* CookingInfoViewModel.swift in Sources */,
				0BB629EF29BF0642001AD4E4 /* CookingTypeView.swift in Sources */,
			);
			runOnlyForDeploymentPostprocessing = 0;
		};
/* End PBXSourcesBuildPhase section */

/* Begin PBXTargetDependency section */
		0BB629FB29C0AB6B001AD4E4 /* PBXTargetDependency */ = {
			isa = PBXTargetDependency;
			target = 0BD6E7ED29B9C54F008C338D /* CookingRecordAlbum */;
			targetProxy = 0BB629FA29C0AB6B001AD4E4 /* PBXContainerItemProxy */;
		};
/* End PBXTargetDependency section */

/* Begin XCBuildConfiguration section */
		0BB629FD29C0AB6B001AD4E4 /* Debug */ = {
			isa = XCBuildConfiguration;
			buildSettings = {
				BUNDLE_LOADER = "$(TEST_HOST)";
				CODE_SIGN_STYLE = Automatic;
				CURRENT_PROJECT_VERSION = 1;
				DEVELOPMENT_TEAM = WY497529ZS;
				GENERATE_INFOPLIST_FILE = YES;
				MARKETING_VERSION = 1.0;
				PRODUCT_BUNDLE_IDENTIFIER = "com.h-y0608.CookingRecordAlbumTests";
				PRODUCT_NAME = "$(TARGET_NAME)";
				SWIFT_EMIT_LOC_STRINGS = NO;
				SWIFT_VERSION = 5.0;
				TARGETED_DEVICE_FAMILY = "1,2";
				TEST_HOST = "$(BUILT_PRODUCTS_DIR)/CookingRecordAlbum.app/$(BUNDLE_EXECUTABLE_FOLDER_PATH)/CookingRecordAlbum";
			};
			name = Debug;
		};
		0BB629FE29C0AB6B001AD4E4 /* Release */ = {
			isa = XCBuildConfiguration;
			buildSettings = {
				BUNDLE_LOADER = "$(TEST_HOST)";
				CODE_SIGN_STYLE = Automatic;
				CURRENT_PROJECT_VERSION = 1;
				DEVELOPMENT_TEAM = WY497529ZS;
				GENERATE_INFOPLIST_FILE = YES;
				MARKETING_VERSION = 1.0;
				PRODUCT_BUNDLE_IDENTIFIER = "com.h-y0608.CookingRecordAlbumTests";
				PRODUCT_NAME = "$(TARGET_NAME)";
				SWIFT_EMIT_LOC_STRINGS = NO;
				SWIFT_VERSION = 5.0;
				TARGETED_DEVICE_FAMILY = "1,2";
				TEST_HOST = "$(BUILT_PRODUCTS_DIR)/CookingRecordAlbum.app/$(BUNDLE_EXECUTABLE_FOLDER_PATH)/CookingRecordAlbum";
			};
			name = Release;
		};
		0BD6E7FA29B9C552008C338D /* Debug */ = {
			isa = XCBuildConfiguration;
			buildSettings = {
				ALWAYS_SEARCH_USER_PATHS = NO;
				CLANG_ANALYZER_NONNULL = YES;
				CLANG_ANALYZER_NUMBER_OBJECT_CONVERSION = YES_AGGRESSIVE;
				CLANG_CXX_LANGUAGE_STANDARD = "gnu++20";
				CLANG_ENABLE_MODULES = YES;
				CLANG_ENABLE_OBJC_ARC = YES;
				CLANG_ENABLE_OBJC_WEAK = YES;
				CLANG_WARN_BLOCK_CAPTURE_AUTORELEASING = YES;
				CLANG_WARN_BOOL_CONVERSION = YES;
				CLANG_WARN_COMMA = YES;
				CLANG_WARN_CONSTANT_CONVERSION = YES;
				CLANG_WARN_DEPRECATED_OBJC_IMPLEMENTATIONS = YES;
				CLANG_WARN_DIRECT_OBJC_ISA_USAGE = YES_ERROR;
				CLANG_WARN_DOCUMENTATION_COMMENTS = YES;
				CLANG_WARN_EMPTY_BODY = YES;
				CLANG_WARN_ENUM_CONVERSION = YES;
				CLANG_WARN_INFINITE_RECURSION = YES;
				CLANG_WARN_INT_CONVERSION = YES;
				CLANG_WARN_NON_LITERAL_NULL_CONVERSION = YES;
				CLANG_WARN_OBJC_IMPLICIT_RETAIN_SELF = YES;
				CLANG_WARN_OBJC_LITERAL_CONVERSION = YES;
				CLANG_WARN_OBJC_ROOT_CLASS = YES_ERROR;
				CLANG_WARN_QUOTED_INCLUDE_IN_FRAMEWORK_HEADER = YES;
				CLANG_WARN_RANGE_LOOP_ANALYSIS = YES;
				CLANG_WARN_STRICT_PROTOTYPES = YES;
				CLANG_WARN_SUSPICIOUS_MOVE = YES;
				CLANG_WARN_UNGUARDED_AVAILABILITY = YES_AGGRESSIVE;
				CLANG_WARN_UNREACHABLE_CODE = YES;
				CLANG_WARN__DUPLICATE_METHOD_MATCH = YES;
				COPY_PHASE_STRIP = NO;
				DEBUG_INFORMATION_FORMAT = dwarf;
				ENABLE_STRICT_OBJC_MSGSEND = YES;
				ENABLE_TESTABILITY = YES;
				GCC_C_LANGUAGE_STANDARD = gnu11;
				GCC_DYNAMIC_NO_PIC = NO;
				GCC_NO_COMMON_BLOCKS = YES;
				GCC_OPTIMIZATION_LEVEL = 0;
				GCC_PREPROCESSOR_DEFINITIONS = (
					"DEBUG=1",
					"$(inherited)",
				);
				GCC_WARN_64_TO_32_BIT_CONVERSION = YES;
				GCC_WARN_ABOUT_RETURN_TYPE = YES_ERROR;
				GCC_WARN_UNDECLARED_SELECTOR = YES;
				GCC_WARN_UNINITIALIZED_AUTOS = YES_AGGRESSIVE;
				GCC_WARN_UNUSED_FUNCTION = YES;
				GCC_WARN_UNUSED_VARIABLE = YES;
				IPHONEOS_DEPLOYMENT_TARGET = 16.2;
				MTL_ENABLE_DEBUG_INFO = INCLUDE_SOURCE;
				MTL_FAST_MATH = YES;
				ONLY_ACTIVE_ARCH = YES;
				SDKROOT = iphoneos;
				SWIFT_ACTIVE_COMPILATION_CONDITIONS = DEBUG;
				SWIFT_OPTIMIZATION_LEVEL = "-Onone";
			};
			name = Debug;
		};
		0BD6E7FB29B9C552008C338D /* Release */ = {
			isa = XCBuildConfiguration;
			buildSettings = {
				ALWAYS_SEARCH_USER_PATHS = NO;
				CLANG_ANALYZER_NONNULL = YES;
				CLANG_ANALYZER_NUMBER_OBJECT_CONVERSION = YES_AGGRESSIVE;
				CLANG_CXX_LANGUAGE_STANDARD = "gnu++20";
				CLANG_ENABLE_MODULES = YES;
				CLANG_ENABLE_OBJC_ARC = YES;
				CLANG_ENABLE_OBJC_WEAK = YES;
				CLANG_WARN_BLOCK_CAPTURE_AUTORELEASING = YES;
				CLANG_WARN_BOOL_CONVERSION = YES;
				CLANG_WARN_COMMA = YES;
				CLANG_WARN_CONSTANT_CONVERSION = YES;
				CLANG_WARN_DEPRECATED_OBJC_IMPLEMENTATIONS = YES;
				CLANG_WARN_DIRECT_OBJC_ISA_USAGE = YES_ERROR;
				CLANG_WARN_DOCUMENTATION_COMMENTS = YES;
				CLANG_WARN_EMPTY_BODY = YES;
				CLANG_WARN_ENUM_CONVERSION = YES;
				CLANG_WARN_INFINITE_RECURSION = YES;
				CLANG_WARN_INT_CONVERSION = YES;
				CLANG_WARN_NON_LITERAL_NULL_CONVERSION = YES;
				CLANG_WARN_OBJC_IMPLICIT_RETAIN_SELF = YES;
				CLANG_WARN_OBJC_LITERAL_CONVERSION = YES;
				CLANG_WARN_OBJC_ROOT_CLASS = YES_ERROR;
				CLANG_WARN_QUOTED_INCLUDE_IN_FRAMEWORK_HEADER = YES;
				CLANG_WARN_RANGE_LOOP_ANALYSIS = YES;
				CLANG_WARN_STRICT_PROTOTYPES = YES;
				CLANG_WARN_SUSPICIOUS_MOVE = YES;
				CLANG_WARN_UNGUARDED_AVAILABILITY = YES_AGGRESSIVE;
				CLANG_WARN_UNREACHABLE_CODE = YES;
				CLANG_WARN__DUPLICATE_METHOD_MATCH = YES;
				COPY_PHASE_STRIP = NO;
				DEBUG_INFORMATION_FORMAT = "dwarf-with-dsym";
				ENABLE_NS_ASSERTIONS = NO;
				ENABLE_STRICT_OBJC_MSGSEND = YES;
				GCC_C_LANGUAGE_STANDARD = gnu11;
				GCC_NO_COMMON_BLOCKS = YES;
				GCC_WARN_64_TO_32_BIT_CONVERSION = YES;
				GCC_WARN_ABOUT_RETURN_TYPE = YES_ERROR;
				GCC_WARN_UNDECLARED_SELECTOR = YES;
				GCC_WARN_UNINITIALIZED_AUTOS = YES_AGGRESSIVE;
				GCC_WARN_UNUSED_FUNCTION = YES;
				GCC_WARN_UNUSED_VARIABLE = YES;
				IPHONEOS_DEPLOYMENT_TARGET = 16.2;
				MTL_ENABLE_DEBUG_INFO = NO;
				MTL_FAST_MATH = YES;
				SDKROOT = iphoneos;
				SWIFT_COMPILATION_MODE = wholemodule;
				SWIFT_OPTIMIZATION_LEVEL = "-O";
				VALIDATE_PRODUCT = YES;
			};
			name = Release;
		};
		0BD6E7FD29B9C552008C338D /* Debug */ = {
			isa = XCBuildConfiguration;
			buildSettings = {
				ASSETCATALOG_COMPILER_APPICON_NAME = AppIcon;
				ASSETCATALOG_COMPILER_GLOBAL_ACCENT_COLOR_NAME = AccentColor;
				CODE_SIGN_STYLE = Automatic;
				CURRENT_PROJECT_VERSION = 1;
				DEVELOPMENT_ASSET_PATHS = "\"CookingRecordAlbum/Preview Content\"";
				DEVELOPMENT_TEAM = WY497529ZS;
				ENABLE_PREVIEWS = YES;
				GENERATE_INFOPLIST_FILE = YES;
				INFOPLIST_KEY_UIApplicationSceneManifest_Generation = YES;
				INFOPLIST_KEY_UIApplicationSupportsIndirectInputEvents = YES;
				INFOPLIST_KEY_UILaunchScreen_Generation = YES;
				INFOPLIST_KEY_UISupportedInterfaceOrientations_iPad = "UIInterfaceOrientationPortrait UIInterfaceOrientationPortraitUpsideDown UIInterfaceOrientationLandscapeLeft UIInterfaceOrientationLandscapeRight";
				INFOPLIST_KEY_UISupportedInterfaceOrientations_iPhone = "UIInterfaceOrientationPortrait UIInterfaceOrientationLandscapeLeft UIInterfaceOrientationLandscapeRight";
				LD_RUNPATH_SEARCH_PATHS = (
					"$(inherited)",
					"@executable_path/Frameworks",
				);
				MARKETING_VERSION = 1.0;
				PRODUCT_BUNDLE_IDENTIFIER = "com.h-y0608.CookingRecordAlbum";
				PRODUCT_NAME = "$(TARGET_NAME)";
				SWIFT_EMIT_LOC_STRINGS = YES;
				SWIFT_VERSION = 5.0;
				TARGETED_DEVICE_FAMILY = "1,2";
			};
			name = Debug;
		};
		0BD6E7FE29B9C552008C338D /* Release */ = {
			isa = XCBuildConfiguration;
			buildSettings = {
				ASSETCATALOG_COMPILER_APPICON_NAME = AppIcon;
				ASSETCATALOG_COMPILER_GLOBAL_ACCENT_COLOR_NAME = AccentColor;
				CODE_SIGN_STYLE = Automatic;
				CURRENT_PROJECT_VERSION = 1;
				DEVELOPMENT_ASSET_PATHS = "\"CookingRecordAlbum/Preview Content\"";
				DEVELOPMENT_TEAM = WY497529ZS;
				ENABLE_PREVIEWS = YES;
				GENERATE_INFOPLIST_FILE = YES;
				INFOPLIST_KEY_UIApplicationSceneManifest_Generation = YES;
				INFOPLIST_KEY_UIApplicationSupportsIndirectInputEvents = YES;
				INFOPLIST_KEY_UILaunchScreen_Generation = YES;
				INFOPLIST_KEY_UISupportedInterfaceOrientations_iPad = "UIInterfaceOrientationPortrait UIInterfaceOrientationPortraitUpsideDown UIInterfaceOrientationLandscapeLeft UIInterfaceOrientationLandscapeRight";
				INFOPLIST_KEY_UISupportedInterfaceOrientations_iPhone = "UIInterfaceOrientationPortrait UIInterfaceOrientationLandscapeLeft UIInterfaceOrientationLandscapeRight";
				LD_RUNPATH_SEARCH_PATHS = (
					"$(inherited)",
					"@executable_path/Frameworks",
				);
				MARKETING_VERSION = 1.0;
				PRODUCT_BUNDLE_IDENTIFIER = "com.h-y0608.CookingRecordAlbum";
				PRODUCT_NAME = "$(TARGET_NAME)";
				SWIFT_EMIT_LOC_STRINGS = YES;
				SWIFT_VERSION = 5.0;
				TARGETED_DEVICE_FAMILY = "1,2";
			};
			name = Release;
		};
/* End XCBuildConfiguration section */

/* Begin XCConfigurationList section */
		0BB629FC29C0AB6B001AD4E4 /* Build configuration list for PBXNativeTarget "CookingRecordAlbumTests" */ = {
			isa = XCConfigurationList;
			buildConfigurations = (
				0BB629FD29C0AB6B001AD4E4 /* Debug */,
				0BB629FE29C0AB6B001AD4E4 /* Release */,
			);
			defaultConfigurationIsVisible = 0;
			defaultConfigurationName = Release;
		};
		0BD6E7E929B9C54F008C338D /* Build configuration list for PBXProject "CookingRecordAlbum" */ = {
			isa = XCConfigurationList;
			buildConfigurations = (
				0BD6E7FA29B9C552008C338D /* Debug */,
				0BD6E7FB29B9C552008C338D /* Release */,
			);
			defaultConfigurationIsVisible = 0;
			defaultConfigurationName = Release;
		};
		0BD6E7FC29B9C552008C338D /* Build configuration list for PBXNativeTarget "CookingRecordAlbum" */ = {
			isa = XCConfigurationList;
			buildConfigurations = (
				0BD6E7FD29B9C552008C338D /* Debug */,
				0BD6E7FE29B9C552008C338D /* Release */,
			);
			defaultConfigurationIsVisible = 0;
			defaultConfigurationName = Release;
		};
/* End XCConfigurationList section */
	};
	rootObject = 0BD6E7E629B9C54F008C338D /* Project object */;
}
